
Microsoft Visual Studio Solution File, Format Version 12.00
# Visual Studio Version 17
VisualStudioVersion = 17.4.33213.308
MinimumVisualStudioVersion = 10.0.40219.1
Project("{FAE04EC0-301F-11D3-BF4B-00C04F79EFBC}") = "SitecoreDiscover.GenerateProductFeed", "SitecoreDiscover.GenerateProductFeed.csproj", "{074609BE-4B78-418F-A4EE-89CD2019E80E}"
EndProject
Global
	GlobalSection(SolutionConfigurationPlatforms) = preSolution
		Debug|Any CPU = Debug|Any CPU
		Release|Any CPU = Release|Any CPU
	EndGlobalSection
	GlobalSection(ProjectConfigurationPlatforms) = postSolution
		{074609BE-4B78-418F-A4EE-89CD2019E80E}.Debug|Any CPU.ActiveCfg = Debug|Any CPU
		{074609BE-4B78-418F-A4EE-89CD2019E80E}.Debug|Any CPU.Build.0 = Debug|Any CPU
		{074609BE-4B78-418F-A4EE-89CD2019E80E}.Release|Any CPU.ActiveCfg = Release|Any CPU
		{074609BE-4B78-418F-A4EE-89CD2019E80E}.Release|Any CPU.Build.0 = Release|Any CPU
	EndGlobalSection
	GlobalSection(SolutionProperties) = preSolution
		HideSolutionNode = FALSE
	EndGlobalSection
	GlobalSection(ExtensibilityGlobals) = postSolution
		SolutionGuid = {E18F4282-A06F-4AA0-8B68-95F79100DB71}
	EndGlobalSection
EndGlobal
